
Microsoft Visual Studio Solution File, Format Version 12.00
# Visual Studio Version 17
VisualStudioVersion = 17.6.33829.357
MinimumVisualStudioVersion = 10.0.40219.1
Project("{FAE04EC0-301F-11D3-BF4B-00C04F79EFBC}") = "SnapPreviewPrototype", "SnapPreviewPrototype\SnapPreviewPrototype.csproj", "{B3A3EF3A-0536-4AAF-90C6-3CFAD528F06A}"
EndProject
Global
	GlobalSection(SolutionConfigurationPlatforms) = preSolution
		Debug|ARM = Debug|ARM
		Debug|ARM64 = Debug|ARM64
		Debug|x64 = Debug|x64
		Debug|x86 = Debug|x86
		Release|ARM = Release|ARM
		Release|ARM64 = Release|ARM64
		Release|x64 = Release|x64
		Release|x86 = Release|x86
	EndGlobalSection
	GlobalSection(ProjectConfigurationPlatforms) = postSolution
		{B3A3EF3A-0536-4AAF-90C6-3CFAD528F06A}.Debug|ARM.ActiveCfg = Debug|ARM
		{B3A3EF3A-0536-4AAF-90C6-3CFAD528F06A}.Debug|ARM.Build.0 = Debug|ARM
		{B3A3EF3A-0536-4AAF-90C6-3CFAD528F06A}.Debug|ARM.Deploy.0 = Debug|ARM
		{B3A3EF3A-0536-4AAF-90C6-3CFAD528F06A}.Debug|ARM64.ActiveCfg = Debug|ARM64
		{B3A3EF3A-0536-4AAF-90C6-3CFAD528F06A}.Debug|ARM64.Build.0 = Debug|ARM64
		{B3A3EF3A-0536-4AAF-90C6-3CFAD528F06A}.Debug|ARM64.Deploy.0 = Debug|ARM64
		{B3A3EF3A-0536-4AAF-90C6-3CFAD528F06A}.Debug|x64.ActiveCfg = Debug|x64
		{B3A3EF3A-0536-4AAF-90C6-3CFAD528F06A}.Debug|x64.Build.0 = Debug|x64
		{B3A3EF3A-0536-4AAF-90C6-3CFAD528F06A}.Debug|x64.Deploy.0 = Debug|x64
		{B3A3EF3A-0536-4AAF-90C6-3CFAD528F06A}.Debug|x86.ActiveCfg = Debug|x86
		{B3A3EF3A-0536-4AAF-90C6-3CFAD528F06A}.Debug|x86.Build.0 = Debug|x86
		{B3A3EF3A-0536-4AAF-90C6-3CFAD528F06A}.Debug|x86.Deploy.0 = Debug|x86
		{B3A3EF3A-0536-4AAF-90C6-3CFAD528F06A}.Release|ARM.ActiveCfg = Release|ARM
		{B3A3EF3A-0536-4AAF-90C6-3CFAD528F06A}.Release|ARM.Build.0 = Release|ARM
		{B3A3EF3A-0536-4AAF-90C6-3CFAD528F06A}.Release|ARM.Deploy.0 = Release|ARM
		{B3A3EF3A-0536-4AAF-90C6-3CFAD528F06A}.Release|ARM64.ActiveCfg = Release|ARM64
		{B3A3EF3A-0536-4AAF-90C6-3CFAD528F06A}.Release|ARM64.Build.0 = Release|ARM64
		{B3A3EF3A-0536-4AAF-90C6-3CFAD528F06A}.Release|ARM64.Deploy.0 = Release|ARM64
		{B3A3EF3A-0536-4AAF-90C6-3CFAD528F06A}.Release|x64.ActiveCfg = Release|x64
		{B3A3EF3A-0536-4AAF-90C6-3CFAD528F06A}.Release|x64.Build.0 = Release|x64
		{B3A3EF3A-0536-4AAF-90C6-3CFAD528F06A}.Release|x64.Deploy.0 = Release|x64
		{B3A3EF3A-0536-4AAF-90C6-3CFAD528F06A}.Release|x86.ActiveCfg = Release|x86
		{B3A3EF3A-0536-4AAF-90C6-3CFAD528F06A}.Release|x86.Build.0 = Release|x86
		{B3A3EF3A-0536-4AAF-90C6-3CFAD528F06A}.Release|x86.Deploy.0 = Release|x86
	EndGlobalSection
	GlobalSection(SolutionProperties) = preSolution
		HideSolutionNode = FALSE
	EndGlobalSection
	GlobalSection(ExtensibilityGlobals) = postSolution
		SolutionGuid = {77E99AC9-D8AA-4B43-A679-5420FE467261}
	EndGlobalSection
EndGlobal
